
Microsoft Visual Studio Solution File, Format Version 12.00
# Visual Studio Version 16
VisualStudioVersion = 16.0.29230.61
MinimumVisualStudioVersion = 10.0.40219.1
Project("{9A19103F-16F7-4668-BE54-9A1E7A4F7556}") = "blasve", "blasve.csproj", "{ECA7DABE-10AB-4C2D-897F-97D5FD23B2EE}"
	ProjectSection(ProjectDependencies) = postProject
		{D8C732B3-CD77-441B-AC19-8CA142BDF423} = {D8C732B3-CD77-441B-AC19-8CA142BDF423}
	EndProjectSection
EndProject
Project("{9A19103F-16F7-4668-BE54-9A1E7A4F7556}") = "Celin.AIS", "..\Celin.AIS\Celin.AIS.csproj", "{D8C732B3-CD77-441B-AC19-8CA142BDF423}"
EndProject
Global
	GlobalSection(SolutionConfigurationPlatforms) = preSolution
		Debug|Any CPU = Debug|Any CPU
		Release|Any CPU = Release|Any CPU
	EndGlobalSection
	GlobalSection(ProjectConfigurationPlatforms) = postSolution
		{ECA7DABE-10AB-4C2D-897F-97D5FD23B2EE}.Debug|Any CPU.ActiveCfg = Debug|Any CPU
		{ECA7DABE-10AB-4C2D-897F-97D5FD23B2EE}.Debug|Any CPU.Build.0 = Debug|Any CPU
		{ECA7DABE-10AB-4C2D-897F-97D5FD23B2EE}.Release|Any CPU.ActiveCfg = Release|Any CPU
		{ECA7DABE-10AB-4C2D-897F-97D5FD23B2EE}.Release|Any CPU.Build.0 = Release|Any CPU
		{D8C732B3-CD77-441B-AC19-8CA142BDF423}.Debug|Any CPU.ActiveCfg = Debug|Any CPU
		{D8C732B3-CD77-441B-AC19-8CA142BDF423}.Debug|Any CPU.Build.0 = Debug|Any CPU
		{D8C732B3-CD77-441B-AC19-8CA142BDF423}.Release|Any CPU.ActiveCfg = Release|Any CPU
		{D8C732B3-CD77-441B-AC19-8CA142BDF423}.Release|Any CPU.Build.0 = Release|Any CPU
	EndGlobalSection
	GlobalSection(SolutionProperties) = preSolution
		HideSolutionNode = FALSE
	EndGlobalSection
	GlobalSection(ExtensibilityGlobals) = postSolution
		SolutionGuid = {13F510EF-7422-48B7-811C-12BBAD621E82}
	EndGlobalSection
EndGlobal
